
Microsoft Visual Studio Solution File, Format Version 12.00
# Visual Studio Version 16
VisualStudioVersion = 16.0.29001.49
MinimumVisualStudioVersion = 10.0.40219.1
Project("{FAE04EC0-301F-11D3-BF4B-00C04F79EFBC}") = "Guia 2", "Guia 2\Guia 2.csproj", "{B9EE0E63-4BBB-4901-B78C-4B5128353659}"
EndProject
Global
	GlobalSection(SolutionConfigurationPlatforms) = preSolution
		Debug|Any CPU = Debug|Any CPU
		Release|Any CPU = Release|Any CPU
	EndGlobalSection
	GlobalSection(ProjectConfigurationPlatforms) = postSolution
		{B9EE0E63-4BBB-4901-B78C-4B5128353659}.Debug|Any CPU.ActiveCfg = Debug|Any CPU
		{B9EE0E63-4BBB-4901-B78C-4B5128353659}.Debug|Any CPU.Build.0 = Debug|Any CPU
		{B9EE0E63-4BBB-4901-B78C-4B5128353659}.Release|Any CPU.ActiveCfg = Release|Any CPU
		{B9EE0E63-4BBB-4901-B78C-4B5128353659}.Release|Any CPU.Build.0 = Release|Any CPU
	EndGlobalSection
	GlobalSection(SolutionProperties) = preSolution
		HideSolutionNode = FALSE
	EndGlobalSection
	GlobalSection(ExtensibilityGlobals) = postSolution
		SolutionGuid = {AEA0CAB6-C335-4DED-98AE-6962FE300E30}
	EndGlobalSection
EndGlobal
